// !$*UTF8*$!
{
	archiveVersion = 1;
	classes = {
	};
	objectVersion = 46;
	objects = {

/* Begin PBXBuildFile section */
		E606EFC119EBF78C00CBADF0 /* DataBaseManager.m in Sources */ = {isa = PBXBuildFile; fileRef = E606EFC019EBF78C00CBADF0 /* DataBaseManager.m */; };
		E606EFC219EBF78C00CBADF0 /* DataBaseManager.m in Sources */ = {isa = PBXBuildFile; fileRef = E606EFC019EBF78C00CBADF0 /* DataBaseManager.m */; };
		E606EFC519EBFB7200CBADF0 /* PathProvider.m in Sources */ = {isa = PBXBuildFile; fileRef = E606EFC419EBFB7200CBADF0 /* PathProvider.m */; };
		E606EFC619EBFB7200CBADF0 /* PathProvider.m in Sources */ = {isa = PBXBuildFile; fileRef = E606EFC419EBFB7200CBADF0 /* PathProvider.m */; };
		E606EFD219EBFDE900CBADF0 /* FMDatabase.m in Sources */ = {isa = PBXBuildFile; fileRef = E606EFC819EBFDE900CBADF0 /* FMDatabase.m */; };
		E606EFD319EBFDE900CBADF0 /* FMDatabase.m in Sources */ = {isa = PBXBuildFile; fileRef = E606EFC819EBFDE900CBADF0 /* FMDatabase.m */; };
		E606EFD419EBFDE900CBADF0 /* FMDatabaseAdditions.m in Sources */ = {isa = PBXBuildFile; fileRef = E606EFCA19EBFDE900CBADF0 /* FMDatabaseAdditions.m */; };
		E606EFD519EBFDE900CBADF0 /* FMDatabaseAdditions.m in Sources */ = {isa = PBXBuildFile; fileRef = E606EFCA19EBFDE900CBADF0 /* FMDatabaseAdditions.m */; };
		E606EFD619EBFDE900CBADF0 /* FMDatabasePool.m in Sources */ = {isa = PBXBuildFile; fileRef = E606EFCC19EBFDE900CBADF0 /* FMDatabasePool.m */; };
		E606EFD719EBFDE900CBADF0 /* FMDatabasePool.m in Sources */ = {isa = PBXBuildFile; fileRef = E606EFCC19EBFDE900CBADF0 /* FMDatabasePool.m */; };
		E606EFD819EBFDE900CBADF0 /* FMDatabaseQueue.m in Sources */ = {isa = PBXBuildFile; fileRef = E606EFCE19EBFDE900CBADF0 /* FMDatabaseQueue.m */; };
		E606EFD919EBFDE900CBADF0 /* FMDatabaseQueue.m in Sources */ = {isa = PBXBuildFile; fileRef = E606EFCE19EBFDE900CBADF0 /* FMDatabaseQueue.m */; };
		E606EFDA19EBFDE900CBADF0 /* FMResultSet.m in Sources */ = {isa = PBXBuildFile; fileRef = E606EFD119EBFDE900CBADF0 /* FMResultSet.m */; };
		E606EFDB19EBFDE900CBADF0 /* FMResultSet.m in Sources */ = {isa = PBXBuildFile; fileRef = E606EFD119EBFDE900CBADF0 /* FMResultSet.m */; };
		E606EFE019EC002A00CBADF0 /* libsqlite3.dylib in Frameworks */ = {isa = PBXBuildFile; fileRef = E9C6D2E219EA4E0A00586CE8 /* libsqlite3.dylib */; };
		E606EFE119EC003300CBADF0 /* libsqlite3.dylib in Frameworks */ = {isa = PBXBuildFile; fileRef = E9C6D2E219EA4E0A00586CE8 /* libsqlite3.dylib */; };
		E606EFE719ED27E800CBADF0 /* Entity.m in Sources */ = {isa = PBXBuildFile; fileRef = E606EFE619ED27E800CBADF0 /* Entity.m */; };
		E606EFE819ED27E800CBADF0 /* Entity.m in Sources */ = {isa = PBXBuildFile; fileRef = E606EFE619ED27E800CBADF0 /* Entity.m */; };
		E9B41DF919F409F800A98351 /* CDRTranslucentSideBar.m in Sources */ = {isa = PBXBuildFile; fileRef = E9B41DF819F409F800A98351 /* CDRTranslucentSideBar.m */; };
		E9D52F5A19F0149200E208FA /* AccountBook.m in Sources */ = {isa = PBXBuildFile; fileRef = E9D52F5919F0149200E208FA /* AccountBook.m */; };
		E9D9334719E828D900B30303 /* main.m in Sources */ = {isa = PBXBuildFile; fileRef = E9D9334619E828D900B30303 /* main.m */; };
		E9D9334A19E828D900B30303 /* AppDelegate.m in Sources */ = {isa = PBXBuildFile; fileRef = E9D9334919E828D900B30303 /* AppDelegate.m */; };
		E9D9334D19E828D900B30303 /* ViewController.m in Sources */ = {isa = PBXBuildFile; fileRef = E9D9334C19E828D900B30303 /* ViewController.m */; };
		E9D9335019E828D900B30303 /* Main.storyboard in Resources */ = {isa = PBXBuildFile; fileRef = E9D9334E19E828D900B30303 /* Main.storyboard */; };
		E9D9335219E828DA00B30303 /* Images.xcassets in Resources */ = {isa = PBXBuildFile; fileRef = E9D9335119E828DA00B30303 /* Images.xcassets */; };
		E9D9335519E828DA00B30303 /* LaunchScreen.xib in Resources */ = {isa = PBXBuildFile; fileRef = E9D9335319E828DA00B30303 /* LaunchScreen.xib */; };
		E9D9336119E828DA00B30303 /* hippoTests.m in Sources */ = {isa = PBXBuildFile; fileRef = E9D9336019E828DA00B30303 /* hippoTests.m */; };
/* End PBXBuildFile section */

/* Begin PBXContainerItemProxy section */
		E9D9335B19E828DA00B30303 /* PBXContainerItemProxy */ = {
			isa = PBXContainerItemProxy;
			containerPortal = E9D9333919E828D900B30303 /* Project object */;
			proxyType = 1;
			remoteGlobalIDString = E9D9334019E828D900B30303;
			remoteInfo = hippo;
		};
/* End PBXContainerItemProxy section */

/* Begin PBXFileReference section */
		E606EFBF19EBF78B00CBADF0 /* DataBaseManager.h */ = {isa = PBXFileReference; fileEncoding = 4; lastKnownFileType = sourcecode.c.h; path = DataBaseManager.h; sourceTree = "<group>"; };
		E606EFC019EBF78C00CBADF0 /* DataBaseManager.m */ = {isa = PBXFileReference; fileEncoding = 4; lastKnownFileType = sourcecode.c.objc; path = DataBaseManager.m; sourceTree = "<group>"; };
		E606EFC319EBFB7200CBADF0 /* PathProvider.h */ = {isa = PBXFileReference; fileEncoding = 4; lastKnownFileType = sourcecode.c.h; path = PathProvider.h; sourceTree = "<group>"; };
		E606EFC419EBFB7200CBADF0 /* PathProvider.m */ = {isa = PBXFileReference; fileEncoding = 4; lastKnownFileType = sourcecode.c.objc; path = PathProvider.m; sourceTree = "<group>"; };
		E606EFC719EBFDE900CBADF0 /* FMDatabase.h */ = {isa = PBXFileReference; fileEncoding = 4; lastKnownFileType = sourcecode.c.h; name = FMDatabase.h; path = thirdparty/fmdb/src/fmdb/FMDatabase.h; sourceTree = "<group>"; };
		E606EFC819EBFDE900CBADF0 /* FMDatabase.m */ = {isa = PBXFileReference; fileEncoding = 4; lastKnownFileType = sourcecode.c.objc; name = FMDatabase.m; path = thirdparty/fmdb/src/fmdb/FMDatabase.m; sourceTree = "<group>"; };
		E606EFC919EBFDE900CBADF0 /* FMDatabaseAdditions.h */ = {isa = PBXFileReference; fileEncoding = 4; lastKnownFileType = sourcecode.c.h; name = FMDatabaseAdditions.h; path = thirdparty/fmdb/src/fmdb/FMDatabaseAdditions.h; sourceTree = "<group>"; };
		E606EFCA19EBFDE900CBADF0 /* FMDatabaseAdditions.m */ = {isa = PBXFileReference; fileEncoding = 4; lastKnownFileType = sourcecode.c.objc; name = FMDatabaseAdditions.m; path = thirdparty/fmdb/src/fmdb/FMDatabaseAdditions.m; sourceTree = "<group>"; };
		E606EFCB19EBFDE900CBADF0 /* FMDatabasePool.h */ = {isa = PBXFileReference; fileEncoding = 4; lastKnownFileType = sourcecode.c.h; name = FMDatabasePool.h; path = thirdparty/fmdb/src/fmdb/FMDatabasePool.h; sourceTree = "<group>"; };
		E606EFCC19EBFDE900CBADF0 /* FMDatabasePool.m */ = {isa = PBXFileReference; fileEncoding = 4; lastKnownFileType = sourcecode.c.objc; name = FMDatabasePool.m; path = thirdparty/fmdb/src/fmdb/FMDatabasePool.m; sourceTree = "<group>"; };
		E606EFCD19EBFDE900CBADF0 /* FMDatabaseQueue.h */ = {isa = PBXFileReference; fileEncoding = 4; lastKnownFileType = sourcecode.c.h; name = FMDatabaseQueue.h; path = thirdparty/fmdb/src/fmdb/FMDatabaseQueue.h; sourceTree = "<group>"; };
		E606EFCE19EBFDE900CBADF0 /* FMDatabaseQueue.m */ = {isa = PBXFileReference; fileEncoding = 4; lastKnownFileType = sourcecode.c.objc; name = FMDatabaseQueue.m; path = thirdparty/fmdb/src/fmdb/FMDatabaseQueue.m; sourceTree = "<group>"; };
		E606EFCF19EBFDE900CBADF0 /* FMDB.h */ = {isa = PBXFileReference; fileEncoding = 4; lastKnownFileType = sourcecode.c.h; name = FMDB.h; path = thirdparty/fmdb/src/fmdb/FMDB.h; sourceTree = "<group>"; };
		E606EFD019EBFDE900CBADF0 /* FMResultSet.h */ = {isa = PBXFileReference; fileEncoding = 4; lastKnownFileType = sourcecode.c.h; name = FMResultSet.h; path = thirdparty/fmdb/src/fmdb/FMResultSet.h; sourceTree = "<group>"; };
		E606EFD119EBFDE900CBADF0 /* FMResultSet.m */ = {isa = PBXFileReference; fileEncoding = 4; lastKnownFileType = sourcecode.c.objc; name = FMResultSet.m; path = thirdparty/fmdb/src/fmdb/FMResultSet.m; sourceTree = "<group>"; };
		E606EFE519ED27E800CBADF0 /* Entity.h */ = {isa = PBXFileReference; fileEncoding = 4; lastKnownFileType = sourcecode.c.h; path = Entity.h; sourceTree = "<group>"; };
		E606EFE619ED27E800CBADF0 /* Entity.m */ = {isa = PBXFileReference; fileEncoding = 4; lastKnownFileType = sourcecode.c.objc; path = Entity.m; sourceTree = "<group>"; };
		E9B41DF719F409F800A98351 /* CDRTranslucentSideBar.h */ = {isa = PBXFileReference; fileEncoding = 4; lastKnownFileType = sourcecode.c.h; name = CDRTranslucentSideBar.h; path = CDRTranslucentSideBar/CDRTranslucentSideBar.h; sourceTree = "<group>"; };
		E9B41DF819F409F800A98351 /* CDRTranslucentSideBar.m */ = {isa = PBXFileReference; fileEncoding = 4; lastKnownFileType = sourcecode.c.objc; name = CDRTranslucentSideBar.m; path = CDRTranslucentSideBar/CDRTranslucentSideBar.m; sourceTree = "<group>"; };
		E9C6D2E219EA4E0A00586CE8 /* libsqlite3.dylib */ = {isa = PBXFileReference; lastKnownFileType = "compiled.mach-o.dylib"; name = libsqlite3.dylib; path = usr/lib/libsqlite3.dylib; sourceTree = SDKROOT; };
		E9D52F5819F0149200E208FA /* AccountBook.h */ = {isa = PBXFileReference; fileEncoding = 4; lastKnownFileType = sourcecode.c.h; path = AccountBook.h; sourceTree = "<group>"; };
		E9D52F5919F0149200E208FA /* AccountBook.m */ = {isa = PBXFileReference; fileEncoding = 4; lastKnownFileType = sourcecode.c.objc; path = AccountBook.m; sourceTree = "<group>"; };
		E9D9334119E828D900B30303 /* hippo.app */ = {isa = PBXFileReference; explicitFileType = wrapper.application; includeInIndex = 0; path = hippo.app; sourceTree = BUILT_PRODUCTS_DIR; };
		E9D9334519E828D900B30303 /* Info.plist */ = {isa = PBXFileReference; lastKnownFileType = text.plist.xml; path = Info.plist; sourceTree = "<group>"; };
		E9D9334619E828D900B30303 /* main.m */ = {isa = PBXFileReference; lastKnownFileType = sourcecode.c.objc; path = main.m; sourceTree = "<group>"; };
		E9D9334819E828D900B30303 /* AppDelegate.h */ = {isa = PBXFileReference; lastKnownFileType = sourcecode.c.h; path = AppDelegate.h; sourceTree = "<group>"; };
		E9D9334919E828D900B30303 /* AppDelegate.m */ = {isa = PBXFileReference; lastKnownFileType = sourcecode.c.objc; path = AppDelegate.m; sourceTree = "<group>"; };
		E9D9334B19E828D900B30303 /* ViewController.h */ = {isa = PBXFileReference; lastKnownFileType = sourcecode.c.h; path = ViewController.h; sourceTree = "<group>"; };
		E9D9334C19E828D900B30303 /* ViewController.m */ = {isa = PBXFileReference; lastKnownFileType = sourcecode.c.objc; path = ViewController.m; sourceTree = "<group>"; };
		E9D9334F19E828D900B30303 /* Base */ = {isa = PBXFileReference; lastKnownFileType = file.storyboard; name = Base; path = Base.lproj/Main.storyboard; sourceTree = "<group>"; };
		E9D9335119E828DA00B30303 /* Images.xcassets */ = {isa = PBXFileReference; lastKnownFileType = folder.assetcatalog; path = Images.xcassets; sourceTree = "<group>"; };
		E9D9335419E828DA00B30303 /* Base */ = {isa = PBXFileReference; lastKnownFileType = file.xib; name = Base; path = Base.lproj/LaunchScreen.xib; sourceTree = "<group>"; };
		E9D9335A19E828DA00B30303 /* hippoTests.xctest */ = {isa = PBXFileReference; explicitFileType = wrapper.cfbundle; includeInIndex = 0; path = hippoTests.xctest; sourceTree = BUILT_PRODUCTS_DIR; };
		E9D9335F19E828DA00B30303 /* Info.plist */ = {isa = PBXFileReference; lastKnownFileType = text.plist.xml; path = Info.plist; sourceTree = "<group>"; };
		E9D9336019E828DA00B30303 /* hippoTests.m */ = {isa = PBXFileReference; lastKnownFileType = sourcecode.c.objc; path = hippoTests.m; sourceTree = "<group>"; };
/* End PBXFileReference section */

/* Begin PBXFrameworksBuildPhase section */
		E9D9333E19E828D900B30303 /* Frameworks */ = {
			isa = PBXFrameworksBuildPhase;
			buildActionMask = 2147483647;
			files = (
				E606EFE019EC002A00CBADF0 /* libsqlite3.dylib in Frameworks */,
			);
			runOnlyForDeploymentPostprocessing = 0;
		};
		E9D9335719E828DA00B30303 /* Frameworks */ = {
			isa = PBXFrameworksBuildPhase;
			buildActionMask = 2147483647;
			files = (
				E606EFE119EC003300CBADF0 /* libsqlite3.dylib in Frameworks */,
			);
			runOnlyForDeploymentPostprocessing = 0;
		};
/* End PBXFrameworksBuildPhase section */

/* Begin PBXGroup section */
		E9B41DF619F409EC00A98351 /* CDRTranslucentSideBar */ = {
			isa = PBXGroup;
			children = (
				E9B41DF719F409F800A98351 /* CDRTranslucentSideBar.h */,
				E9B41DF819F409F800A98351 /* CDRTranslucentSideBar.m */,
			);
			name = CDRTranslucentSideBar;
			sourceTree = "<group>";
		};
		E9C6D2E119EA49BB00586CE8 /* hippocore */ = {
			isa = PBXGroup;
			children = (
				E606EFBF19EBF78B00CBADF0 /* DataBaseManager.h */,
				E606EFC019EBF78C00CBADF0 /* DataBaseManager.m */,
				E606EFC319EBFB7200CBADF0 /* PathProvider.h */,
				E606EFC419EBFB7200CBADF0 /* PathProvider.m */,
				E606EFE519ED27E800CBADF0 /* Entity.h */,
				E606EFE619ED27E800CBADF0 /* Entity.m */,
			);
			name = hippocore;
			sourceTree = "<group>";
		};
		E9D9333819E828D900B30303 = {
			isa = PBXGroup;
			children = (
				E9C6D2E219EA4E0A00586CE8 /* libsqlite3.dylib */,
				E9D9334319E828D900B30303 /* hippo */,
				E9D9335D19E828DA00B30303 /* hippoTests */,
				E9D9334219E828D900B30303 /* Products */,
			);
			sourceTree = "<group>";
		};
		E9D9334219E828D900B30303 /* Products */ = {
			isa = PBXGroup;
			children = (
				E9D9334119E828D900B30303 /* hippo.app */,
				E9D9335A19E828DA00B30303 /* hippoTests.xctest */,
			);
			name = Products;
			sourceTree = "<group>";
		};
		E9D9334319E828D900B30303 /* hippo */ = {
			isa = PBXGroup;
			children = (
				E9B41DF619F409EC00A98351 /* CDRTranslucentSideBar */,
				E9D52F5819F0149200E208FA /* AccountBook.h */,
				E9D52F5919F0149200E208FA /* AccountBook.m */,
				E9D9334819E828D900B30303 /* AppDelegate.h */,
				E9D9334919E828D900B30303 /* AppDelegate.m */,
				E9D9334B19E828D900B30303 /* ViewController.h */,
				E9D9334C19E828D900B30303 /* ViewController.m */,
				E9D9334E19E828D900B30303 /* Main.storyboard */,
				E9D9335119E828DA00B30303 /* Images.xcassets */,
				E9D9335319E828DA00B30303 /* LaunchScreen.xib */,
				E9C6D2E119EA49BB00586CE8 /* hippocore */,
				E9D9336A19E8344A00B30303 /* thirdparty */,
				E9D9334419E828D900B30303 /* Supporting Files */,
			);
			path = hippo;
			sourceTree = "<group>";
		};
		E9D9334419E828D900B30303 /* Supporting Files */ = {
			isa = PBXGroup;
			children = (
				E9D9334519E828D900B30303 /* Info.plist */,
				E9D9334619E828D900B30303 /* main.m */,
			);
			name = "Supporting Files";
			sourceTree = "<group>";
		};
		E9D9335D19E828DA00B30303 /* hippoTests */ = {
			isa = PBXGroup;
			children = (
				E9D9336019E828DA00B30303 /* hippoTests.m */,
				E9D9335E19E828DA00B30303 /* Supporting Files */,
			);
			path = hippoTests;
			sourceTree = "<group>";
		};
		E9D9335E19E828DA00B30303 /* Supporting Files */ = {
			isa = PBXGroup;
			children = (
				E9D9335F19E828DA00B30303 /* Info.plist */,
			);
			name = "Supporting Files";
			sourceTree = "<group>";
		};
		E9D9336A19E8344A00B30303 /* thirdparty */ = {
			isa = PBXGroup;
			children = (
				E9D9337B19E8347500B30303 /* fmdb */,
			);
			name = thirdparty;
			sourceTree = "<group>";
		};
		E9D9337B19E8347500B30303 /* fmdb */ = {
			isa = PBXGroup;
			children = (
				E606EFC719EBFDE900CBADF0 /* FMDatabase.h */,
				E606EFC819EBFDE900CBADF0 /* FMDatabase.m */,
				E606EFC919EBFDE900CBADF0 /* FMDatabaseAdditions.h */,
				E606EFCA19EBFDE900CBADF0 /* FMDatabaseAdditions.m */,
				E606EFCB19EBFDE900CBADF0 /* FMDatabasePool.h */,
				E606EFCC19EBFDE900CBADF0 /* FMDatabasePool.m */,
				E606EFCD19EBFDE900CBADF0 /* FMDatabaseQueue.h */,
				E606EFCE19EBFDE900CBADF0 /* FMDatabaseQueue.m */,
				E606EFCF19EBFDE900CBADF0 /* FMDB.h */,
				E606EFD019EBFDE900CBADF0 /* FMResultSet.h */,
				E606EFD119EBFDE900CBADF0 /* FMResultSet.m */,
			);
			name = fmdb;
			sourceTree = "<group>";
		};
/* End PBXGroup section */

/* Begin PBXNativeTarget section */
		E9D9334019E828D900B30303 /* hippo */ = {
			isa = PBXNativeTarget;
			buildConfigurationList = E9D9336419E828DA00B30303 /* Build configuration list for PBXNativeTarget "hippo" */;
			buildPhases = (
				E9D9333D19E828D900B30303 /* Sources */,
				E9D9333E19E828D900B30303 /* Frameworks */,
				E9D9333F19E828D900B30303 /* Resources */,
			);
			buildRules = (
			);
			dependencies = (
			);
			name = hippo;
			productName = hippo;
			productReference = E9D9334119E828D900B30303 /* hippo.app */;
			productType = "com.apple.product-type.application";
		};
		E9D9335919E828DA00B30303 /* hippoTests */ = {
			isa = PBXNativeTarget;
			buildConfigurationList = E9D9336719E828DA00B30303 /* Build configuration list for PBXNativeTarget "hippoTests" */;
			buildPhases = (
				E9D9335619E828DA00B30303 /* Sources */,
				E9D9335719E828DA00B30303 /* Frameworks */,
				E9D9335819E828DA00B30303 /* Resources */,
			);
			buildRules = (
			);
			dependencies = (
				E9D9335C19E828DA00B30303 /* PBXTargetDependency */,
			);
			name = hippoTests;
			productName = hippoTests;
			productReference = E9D9335A19E828DA00B30303 /* hippoTests.xctest */;
			productType = "com.apple.product-type.bundle.unit-test";
		};
/* End PBXNativeTarget section */

/* Begin PBXProject section */
		E9D9333919E828D900B30303 /* Project object */ = {
			isa = PBXProject;
			attributes = {
				LastUpgradeCheck = 0600;
				ORGANIZATIONNAME = familymrfan;
				TargetAttributes = {
					E9D9334019E828D900B30303 = {
						CreatedOnToolsVersion = 6.0;
					};
					E9D9335919E828DA00B30303 = {
						CreatedOnToolsVersion = 6.0;
						TestTargetID = E9D9334019E828D900B30303;
					};
				};
			};
			buildConfigurationList = E9D9333C19E828D900B30303 /* Build configuration list for PBXProject "hippo" */;
			compatibilityVersion = "Xcode 3.2";
			developmentRegion = English;
			hasScannedForEncodings = 0;
			knownRegions = (
				en,
				Base,
			);
			mainGroup = E9D9333819E828D900B30303;
			productRefGroup = E9D9334219E828D900B30303 /* Products */;
			projectDirPath = "";
			projectRoot = "";
			targets = (
				E9D9334019E828D900B30303 /* hippo */,
				E9D9335919E828DA00B30303 /* hippoTests */,
			);
		};
/* End PBXProject section */

/* Begin PBXResourcesBuildPhase section */
		E9D9333F19E828D900B30303 /* Resources */ = {
			isa = PBXResourcesBuildPhase;
			buildActionMask = 2147483647;
			files = (
				E9D9335019E828D900B30303 /* Main.storyboard in Resources */,
				E9D9335519E828DA00B30303 /* LaunchScreen.xib in Resources */,
				E9D9335219E828DA00B30303 /* Images.xcassets in Resources */,
			);
			runOnlyForDeploymentPostprocessing = 0;
		};
		E9D9335819E828DA00B30303 /* Resources */ = {
			isa = PBXResourcesBuildPhase;
			buildActionMask = 2147483647;
			files = (
			);
			runOnlyForDeploymentPostprocessing = 0;
		};
/* End PBXResourcesBuildPhase section */

/* Begin PBXSourcesBuildPhase section */
		E9D9333D19E828D900B30303 /* Sources */ = {
			isa = PBXSourcesBuildPhase;
			buildActionMask = 2147483647;
			files = (
				E9D9334D19E828D900B30303 /* ViewController.m in Sources */,
				E9D9334A19E828D900B30303 /* AppDelegate.m in Sources */,
				E606EFC119EBF78C00CBADF0 /* DataBaseManager.m in Sources */,
				E9B41DF919F409F800A98351 /* CDRTranslucentSideBar.m in Sources */,
				E606EFD219EBFDE900CBADF0 /* FMDatabase.m in Sources */,
				E606EFDA19EBFDE900CBADF0 /* FMResultSet.m in Sources */,
				E9D9334719E828D900B30303 /* main.m in Sources */,
				E606EFD619EBFDE900CBADF0 /* FMDatabasePool.m in Sources */,
				E606EFD419EBFDE900CBADF0 /* FMDatabaseAdditions.m in Sources */,
				E9D52F5A19F0149200E208FA /* AccountBook.m in Sources */,
				E606EFC519EBFB7200CBADF0 /* PathProvider.m in Sources */,
				E606EFD819EBFDE900CBADF0 /* FMDatabaseQueue.m in Sources */,
				E606EFE719ED27E800CBADF0 /* Entity.m in Sources */,
			);
			runOnlyForDeploymentPostprocessing = 0;
		};
		E9D9335619E828DA00B30303 /* Sources */ = {
			isa = PBXSourcesBuildPhase;
			buildActionMask = 2147483647;
			files = (
				E606EFC619EBFB7200CBADF0 /* PathProvider.m in Sources */,
				E606EFD719EBFDE900CBADF0 /* FMDatabasePool.m in Sources */,
				E9D9336119E828DA00B30303 /* hippoTests.m in Sources */,
				E606EFD919EBFDE900CBADF0 /* FMDatabaseQueue.m in Sources */,
				E606EFC219EBF78C00CBADF0 /* DataBaseManager.m in Sources */,
				E606EFD319EBFDE900CBADF0 /* FMDatabase.m in Sources */,
				E606EFE819ED27E800CBADF0 /* Entity.m in Sources */,
				E606EFDB19EBFDE900CBADF0 /* FMResultSet.m in Sources */,
				E606EFD519EBFDE900CBADF0 /* FMDatabaseAdditions.m in Sources */,
			);
			runOnlyForDeploymentPostprocessing = 0;
		};
/* End PBXSourcesBuildPhase section */

/* Begin PBXTargetDependency section */
		E9D9335C19E828DA00B30303 /* PBXTargetDependency */ = {
			isa = PBXTargetDependency;
			target = E9D9334019E828D900B30303 /* hippo */;
			targetProxy = E9D9335B19E828DA00B30303 /* PBXContainerItemProxy */;
		};
/* End PBXTargetDependency section */

/* Begin PBXVariantGroup section */
		E9D9334E19E828D900B30303 /* Main.storyboard */ = {
			isa = PBXVariantGroup;
			children = (
				E9D9334F19E828D900B30303 /* Base */,
			);
			name = Main.storyboard;
			sourceTree = "<group>";
		};
		E9D9335319E828DA00B30303 /* LaunchScreen.xib */ = {
			isa = PBXVariantGroup;
			children = (
				E9D9335419E828DA00B30303 /* Base */,
			);
			name = LaunchScreen.xib;
			sourceTree = "<group>";
		};
/* End PBXVariantGroup section */

/* Begin XCBuildConfiguration section */
		E9D9336219E828DA00B30303 /* Debug */ = {
			isa = XCBuildConfiguration;
			buildSettings = {
				ALWAYS_SEARCH_USER_PATHS = NO;
				CLANG_CXX_LANGUAGE_STANDARD = "gnu++0x";
				CLANG_CXX_LIBRARY = "libc++";
				CLANG_ENABLE_MODULES = YES;
				CLANG_ENABLE_OBJC_ARC = YES;
				CLANG_WARN_BOOL_CONVERSION = YES;
				CLANG_WARN_CONSTANT_CONVERSION = YES;
				CLANG_WARN_DIRECT_OBJC_ISA_USAGE = YES_ERROR;
				CLANG_WARN_EMPTY_BODY = YES;
				CLANG_WARN_ENUM_CONVERSION = YES;
				CLANG_WARN_INT_CONVERSION = YES;
				CLANG_WARN_OBJC_ROOT_CLASS = YES_ERROR;
				CLANG_WARN_UNREACHABLE_CODE = YES;
				CLANG_WARN__DUPLICATE_METHOD_MATCH = YES;
				"CODE_SIGN_IDENTITY[sdk=iphoneos*]" = "iPhone Developer";
				COPY_PHASE_STRIP = NO;
				ENABLE_STRICT_OBJC_MSGSEND = YES;
				GCC_C_LANGUAGE_STANDARD = gnu99;
				GCC_DYNAMIC_NO_PIC = NO;
				GCC_OPTIMIZATION_LEVEL = 0;
				GCC_PREPROCESSOR_DEFINITIONS = (
					"DEBUG=1",
					"$(inherited)",
				);
				GCC_SYMBOLS_PRIVATE_EXTERN = NO;
				GCC_WARN_64_TO_32_BIT_CONVERSION = YES;
				GCC_WARN_ABOUT_RETURN_TYPE = YES_ERROR;
				GCC_WARN_UNDECLARED_SELECTOR = YES;
				GCC_WARN_UNINITIALIZED_AUTOS = YES_AGGRESSIVE;
				GCC_WARN_UNUSED_FUNCTION = YES;
				GCC_WARN_UNUSED_VARIABLE = YES;
				IPHONEOS_DEPLOYMENT_TARGET = 8.0;
				MTL_ENABLE_DEBUG_INFO = YES;
				ONLY_ACTIVE_ARCH = YES;
				SDKROOT = iphoneos;
			};
			name = Debug;
		};
		E9D9336319E828DA00B30303 /* Release */ = {
			isa = XCBuildConfiguration;
			buildSettings = {
				ALWAYS_SEARCH_USER_PATHS = NO;
				CLANG_CXX_LANGUAGE_STANDARD = "gnu++0x";
				CLANG_CXX_LIBRARY = "libc++";
				CLANG_ENABLE_MODULES = YES;
				CLANG_ENABLE_OBJC_ARC = YES;
				CLANG_WARN_BOOL_CONVERSION = YES;
				CLANG_WARN_CONSTANT_CONVERSION = YES;
				CLANG_WARN_DIRECT_OBJC_ISA_USAGE = YES_ERROR;
				CLANG_WARN_EMPTY_BODY = YES;
				CLANG_WARN_ENUM_CONVERSION = YES;
				CLANG_WARN_INT_CONVERSION = YES;
				CLANG_WARN_OBJC_ROOT_CLASS = YES_ERROR;
				CLANG_WARN_UNREACHABLE_CODE = YES;
				CLANG_WARN__DUPLICATE_METHOD_MATCH = YES;
				"CODE_SIGN_IDENTITY[sdk=iphoneos*]" = "iPhone Developer";
				COPY_PHASE_STRIP = YES;
				ENABLE_NS_ASSERTIONS = NO;
				ENABLE_STRICT_OBJC_MSGSEND = YES;
				GCC_C_LANGUAGE_STANDARD = gnu99;
				GCC_WARN_64_TO_32_BIT_CONVERSION = YES;
				GCC_WARN_ABOUT_RETURN_TYPE = YES_ERROR;
				GCC_WARN_UNDECLARED_SELECTOR = YES;
				GCC_WARN_UNINITIALIZED_AUTOS = YES_AGGRESSIVE;
				GCC_WARN_UNUSED_FUNCTION = YES;
				GCC_WARN_UNUSED_VARIABLE = YES;
				IPHONEOS_DEPLOYMENT_TARGET = 8.0;
				MTL_ENABLE_DEBUG_INFO = NO;
				SDKROOT = iphoneos;
				VALIDATE_PRODUCT = YES;
			};
			name = Release;
		};
		E9D9336519E828DA00B30303 /* Debug */ = {
			isa = XCBuildConfiguration;
			buildSettings = {
				ASSETCATALOG_COMPILER_APPICON_NAME = AppIcon;
				INFOPLIST_FILE = hippo/Info.plist;
				LD_RUNPATH_SEARCH_PATHS = "$(inherited) @executable_path/Frameworks";
				PRODUCT_NAME = "$(TARGET_NAME)";
			};
			name = Debug;
		};
		E9D9336619E828DA00B30303 /* Release */ = {
			isa = XCBuildConfiguration;
			buildSettings = {
				ASSETCATALOG_COMPILER_APPICON_NAME = AppIcon;
				INFOPLIST_FILE = hippo/Info.plist;
				LD_RUNPATH_SEARCH_PATHS = "$(inherited) @executable_path/Frameworks";
				PRODUCT_NAME = "$(TARGET_NAME)";
			};
			name = Release;
		};
		E9D9336819E828DA00B30303 /* Debug */ = {
			isa = XCBuildConfiguration;
			buildSettings = {
				BUNDLE_LOADER = "$(TEST_HOST)";
				FRAMEWORK_SEARCH_PATHS = (
					"$(SDKROOT)/Developer/Library/Frameworks",
					"$(inherited)",
				);
				GCC_PREPROCESSOR_DEFINITIONS = (
					"DEBUG=1",
					"$(inherited)",
				);
				INFOPLIST_FILE = hippoTests/Info.plist;
				LD_RUNPATH_SEARCH_PATHS = "$(inherited) @executable_path/Frameworks @loader_path/Frameworks";
				PRODUCT_NAME = "$(TARGET_NAME)";
				TEST_HOST = "$(BUILT_PRODUCTS_DIR)/hippo.app/hippo";
			};
			name = Debug;
		};
		E9D9336919E828DA00B30303 /* Release */ = {
			isa = XCBuildConfiguration;
			buildSettings = {
				BUNDLE_LOADER = "$(TEST_HOST)";
				FRAMEWORK_SEARCH_PATHS = (
					"$(SDKROOT)/Developer/Library/Frameworks",
					"$(inherited)",
				);
				INFOPLIST_FILE = hippoTests/Info.plist;
				LD_RUNPATH_SEARCH_PATHS = "$(inherited) @executable_path/Frameworks @loader_path/Frameworks";
				PRODUCT_NAME = "$(TARGET_NAME)";
				TEST_HOST = "$(BUILT_PRODUCTS_DIR)/hippo.app/hippo";
			};
			name = Release;
		};
/* End XCBuildConfiguration section */

/* Begin XCConfigurationList section */
		E9D9333C19E828D900B30303 /* Build configuration list for PBXProject "hippo" */ = {
			isa = XCConfigurationList;
			buildConfigurations = (
				E9D9336219E828DA00B30303 /* Debug */,
				E9D9336319E828DA00B30303 /* Release */,
			);
			defaultConfigurationIsVisible = 0;
			defaultConfigurationName = Release;
		};
		E9D9336419E828DA00B30303 /* Build configuration list for PBXNativeTarget "hippo" */ = {
			isa = XCConfigurationList;
			buildConfigurations = (
				E9D9336519E828DA00B30303 /* Debug */,
				E9D9336619E828DA00B30303 /* Release */,
			);
			defaultConfigurationIsVisible = 0;
			defaultConfigurationName = Release;
		};
		E9D9336719E828DA00B30303 /* Build configuration list for PBXNativeTarget "hippoTests" */ = {
			isa = XCConfigurationList;
			buildConfigurations = (
				E9D9336819E828DA00B30303 /* Debug */,
				E9D9336919E828DA00B30303 /* Release */,
			);
			defaultConfigurationIsVisible = 0;
			defaultConfigurationName = Release;
		};
/* End XCConfigurationList section */
	};
	rootObject = E9D9333919E828D900B30303 /* Project object */;
}
